
Microsoft Visual Studio Solution File, Format Version 12.00
# Visual Studio Version 16
VisualStudioVersion = 16.0.30330.147
MinimumVisualStudioVersion = 10.0.40219.1
Project("{9A19103F-16F7-4668-BE54-9A1E7A4F7556}") = "AdapterApp", "AdapterApp\AdapterApp.csproj", "{26596815-C8D0-4B80-8E80-A447F1C6C3B9}"
EndProject
Project("{9A19103F-16F7-4668-BE54-9A1E7A4F7556}") = "BridgeApp", "BridgeApp\BridgeApp.csproj", "{3F376BF5-78D8-4D0B-A915-43028EA2E233}"
EndProject
Project("{9A19103F-16F7-4668-BE54-9A1E7A4F7556}") = "CompositeApp", "CompositeApp\CompositeApp.csproj", "{4C3C6CC8-F18F-4A6D-8718-85262CF5ABF9}"
EndProject
Project("{9A19103F-16F7-4668-BE54-9A1E7A4F7556}") = "DecoratorApp", "DecoratorApp\DecoratorApp.csproj", "{D87503AF-8B1E-4C89-9DF3-CA7255C27A00}"
EndProject
Project("{9A19103F-16F7-4668-BE54-9A1E7A4F7556}") = "FacadeApp", "FacadeApp\FacadeApp.csproj", "{50B8AAFA-C64A-4FF0-9139-AF01E4C6E379}"
EndProject
Project("{FAE04EC0-301F-11D3-BF4B-00C04F79EFBC}") = "FlyWeightApp", "FlyWeightApp\FlyWeightApp.csproj", "{64921310-F35B-4E89-A83D-EF21FC82D7CC}"
EndProject
Global
	GlobalSection(SolutionConfigurationPlatforms) = preSolution
		Debug|Any CPU = Debug|Any CPU
		Release|Any CPU = Release|Any CPU
	EndGlobalSection
	GlobalSection(ProjectConfigurationPlatforms) = postSolution
		{26596815-C8D0-4B80-8E80-A447F1C6C3B9}.Debug|Any CPU.ActiveCfg = Debug|Any CPU
		{26596815-C8D0-4B80-8E80-A447F1C6C3B9}.Debug|Any CPU.Build.0 = Debug|Any CPU
		{26596815-C8D0-4B80-8E80-A447F1C6C3B9}.Release|Any CPU.ActiveCfg = Release|Any CPU
		{26596815-C8D0-4B80-8E80-A447F1C6C3B9}.Release|Any CPU.Build.0 = Release|Any CPU
		{3F376BF5-78D8-4D0B-A915-43028EA2E233}.Debug|Any CPU.ActiveCfg = Debug|Any CPU
		{3F376BF5-78D8-4D0B-A915-43028EA2E233}.Debug|Any CPU.Build.0 = Debug|Any CPU
		{3F376BF5-78D8-4D0B-A915-43028EA2E233}.Release|Any CPU.ActiveCfg = Release|Any CPU
		{3F376BF5-78D8-4D0B-A915-43028EA2E233}.Release|Any CPU.Build.0 = Release|Any CPU
		{4C3C6CC8-F18F-4A6D-8718-85262CF5ABF9}.Debug|Any CPU.ActiveCfg = Debug|Any CPU
		{4C3C6CC8-F18F-4A6D-8718-85262CF5ABF9}.Debug|Any CPU.Build.0 = Debug|Any CPU
		{4C3C6CC8-F18F-4A6D-8718-85262CF5ABF9}.Release|Any CPU.ActiveCfg = Release|Any CPU
		{4C3C6CC8-F18F-4A6D-8718-85262CF5ABF9}.Release|Any CPU.Build.0 = Release|Any CPU
		{D87503AF-8B1E-4C89-9DF3-CA7255C27A00}.Debug|Any CPU.ActiveCfg = Debug|Any CPU
		{D87503AF-8B1E-4C89-9DF3-CA7255C27A00}.Debug|Any CPU.Build.0 = Debug|Any CPU
		{D87503AF-8B1E-4C89-9DF3-CA7255C27A00}.Release|Any CPU.ActiveCfg = Release|Any CPU
		{D87503AF-8B1E-4C89-9DF3-CA7255C27A00}.Release|Any CPU.Build.0 = Release|Any CPU
		{50B8AAFA-C64A-4FF0-9139-AF01E4C6E379}.Debug|Any CPU.ActiveCfg = Debug|Any CPU
		{50B8AAFA-C64A-4FF0-9139-AF01E4C6E379}.Debug|Any CPU.Build.0 = Debug|Any CPU
		{50B8AAFA-C64A-4FF0-9139-AF01E4C6E379}.Release|Any CPU.ActiveCfg = Release|Any CPU
		{50B8AAFA-C64A-4FF0-9139-AF01E4C6E379}.Release|Any CPU.Build.0 = Release|Any CPU
		{64921310-F35B-4E89-A83D-EF21FC82D7CC}.Debug|Any CPU.ActiveCfg = Debug|Any CPU
		{64921310-F35B-4E89-A83D-EF21FC82D7CC}.Debug|Any CPU.Build.0 = Debug|Any CPU
		{64921310-F35B-4E89-A83D-EF21FC82D7CC}.Release|Any CPU.ActiveCfg = Release|Any CPU
		{64921310-F35B-4E89-A83D-EF21FC82D7CC}.Release|Any CPU.Build.0 = Release|Any CPU
	EndGlobalSection
	GlobalSection(SolutionProperties) = preSolution
		HideSolutionNode = FALSE
	EndGlobalSection
	GlobalSection(ExtensibilityGlobals) = postSolution
		SolutionGuid = {B6A50BC9-DA29-451C-B5CF-D7BB6EC22CA2}
	EndGlobalSection
EndGlobal
